
Microsoft Visual Studio Solution File, Format Version 12.00
# Visual Studio 15
VisualStudioVersion = 15.0.28307.438
MinimumVisualStudioVersion = 10.0.40219.1
Project("{8BC9CEB8-8B4A-11D0-8D11-00A0C91BC942}") = "radial_distortion", "radial_distortion\radial_distortion.vcxproj", "{0E0358B8-0F78-4779-B50A-C6BE5D5BB494}"
EndProject
Project("{8BC9CEB8-8B4A-11D0-8D11-00A0C91BC942}") = "generate_birdeye_view", "generate_birdeye_view\generate_birdeye_view.vcxproj", "{8A1AAC96-BAD9-489C-8AF8-CFA4E7C1565A}"
EndProject
Global
	GlobalSection(SolutionConfigurationPlatforms) = preSolution
		Debug|x64 = Debug|x64
		Debug|x86 = Debug|x86
		Release|x64 = Release|x64
		Release|x86 = Release|x86
	EndGlobalSection
	GlobalSection(ProjectConfigurationPlatforms) = postSolution
		{0E0358B8-0F78-4779-B50A-C6BE5D5BB494}.Debug|x64.ActiveCfg = Debug|x64
		{0E0358B8-0F78-4779-B50A-C6BE5D5BB494}.Debug|x64.Build.0 = Debug|x64
		{0E0358B8-0F78-4779-B50A-C6BE5D5BB494}.Debug|x86.ActiveCfg = Debug|Win32
		{0E0358B8-0F78-4779-B50A-C6BE5D5BB494}.Debug|x86.Build.0 = Debug|Win32
		{0E0358B8-0F78-4779-B50A-C6BE5D5BB494}.Release|x64.ActiveCfg = Release|x64
		{0E0358B8-0F78-4779-B50A-C6BE5D5BB494}.Release|x64.Build.0 = Release|x64
		{0E0358B8-0F78-4779-B50A-C6BE5D5BB494}.Release|x86.ActiveCfg = Release|Win32
		{0E0358B8-0F78-4779-B50A-C6BE5D5BB494}.Release|x86.Build.0 = Release|Win32
		{8A1AAC96-BAD9-489C-8AF8-CFA4E7C1565A}.Debug|x64.ActiveCfg = Debug|x64
		{8A1AAC96-BAD9-489C-8AF8-CFA4E7C1565A}.Debug|x64.Build.0 = Debug|x64
		{8A1AAC96-BAD9-489C-8AF8-CFA4E7C1565A}.Debug|x86.ActiveCfg = Debug|Win32
		{8A1AAC96-BAD9-489C-8AF8-CFA4E7C1565A}.Debug|x86.Build.0 = Debug|Win32
		{8A1AAC96-BAD9-489C-8AF8-CFA4E7C1565A}.Release|x64.ActiveCfg = Release|x64
		{8A1AAC96-BAD9-489C-8AF8-CFA4E7C1565A}.Release|x64.Build.0 = Release|x64
		{8A1AAC96-BAD9-489C-8AF8-CFA4E7C1565A}.Release|x86.ActiveCfg = Release|Win32
		{8A1AAC96-BAD9-489C-8AF8-CFA4E7C1565A}.Release|x86.Build.0 = Release|Win32
	EndGlobalSection
	GlobalSection(SolutionProperties) = preSolution
		HideSolutionNode = FALSE
	EndGlobalSection
	GlobalSection(ExtensibilityGlobals) = postSolution
		SolutionGuid = {C3A0B125-0B77-47CB-BA53-1F02E3C30B68}
	EndGlobalSection
EndGlobal
